
Microsoft Visual Studio Solution File, Format Version 12.00
# Visual Studio Version 17
VisualStudioVersion = 17.11.35312.102
MinimumVisualStudioVersion = 10.0.40219.1
Project("{2150E333-8FDC-42A3-9474-1A3956D46DE8}") = "src", "src", "{45D608DF-A75F-4244-82BD-D5D8730BB7D2}"
EndProject
Project("{2150E333-8FDC-42A3-9474-1A3956D46DE8}") = "test", "test", "{96E65FD1-AD0E-47A8-AACE-58C5F93C24A6}"
EndProject
Project("{9A19103F-16F7-4668-BE54-9A1E7A4F7556}") = "BookStore.Domain", "src\BookStore.Domain\BookStore.Domain.csproj", "{691DA758-AB40-4429-8E29-F50E5513CA03}"
EndProject
Project("{9A19103F-16F7-4668-BE54-9A1E7A4F7556}") = "BookStore.Application", "src\BookStore.Application\BookStore.Application.csproj", "{B21FC2F9-02EC-4013-BBDD-D8DFD0DB0121}"
EndProject
Project("{FAE04EC0-301F-11D3-BF4B-00C04F79EFBC}") = "BookStore.Infrastructure", "src\BookStore.Infrastructure\BookStore.Infrastructure.csproj", "{8141EFC7-BD42-4EE3-AAAF-CD8051C4A609}"
EndProject
Project("{FAE04EC0-301F-11D3-BF4B-00C04F79EFBC}") = "BookStore.Api", "src\BookStore.Api\BookStore.Api.csproj", "{906BED23-FAF1-4A39-AB04-6AB1D7126C22}"
EndProject
Project("{E53339B2-1760-4266-BCC7-CA923CBCF16C}") = "docker-compose", "docker-compose.dcproj", "{CF672834-F797-4130-8C1F-90419B3C5E0A}"
EndProject
Project("{FAE04EC0-301F-11D3-BF4B-00C04F79EFBC}") = "BookStore.Domain.UnitTests", "test\BookStore.Domain.UnitTests\BookStore.Domain.UnitTests.csproj", "{091F3738-12D7-40BC-8835-4CAF1061B561}"
EndProject
Project("{FAE04EC0-301F-11D3-BF4B-00C04F79EFBC}") = "BookStore.Application.UnitTests", "test\BookStore.Application.UnitTests\BookStore.Application.UnitTests.csproj", "{9032658E-2EEC-4202-8605-A10355656BEE}"
EndProject
Project("{FAE04EC0-301F-11D3-BF4B-00C04F79EFBC}") = "BookStore.ArchitectureTests", "test\BookStore.ArchitectureTests\BookStore.ArchitectureTests.csproj", "{19171A02-C150-4381-8D8A-F93593F8DD9A}"
EndProject
Global
	GlobalSection(SolutionConfigurationPlatforms) = preSolution
		Debug|Any CPU = Debug|Any CPU
		Release|Any CPU = Release|Any CPU
	EndGlobalSection
	GlobalSection(ProjectConfigurationPlatforms) = postSolution
		{691DA758-AB40-4429-8E29-F50E5513CA03}.Debug|Any CPU.ActiveCfg = Debug|Any CPU
		{691DA758-AB40-4429-8E29-F50E5513CA03}.Debug|Any CPU.Build.0 = Debug|Any CPU
		{691DA758-AB40-4429-8E29-F50E5513CA03}.Release|Any CPU.ActiveCfg = Release|Any CPU
		{691DA758-AB40-4429-8E29-F50E5513CA03}.Release|Any CPU.Build.0 = Release|Any CPU
		{B21FC2F9-02EC-4013-BBDD-D8DFD0DB0121}.Debug|Any CPU.ActiveCfg = Debug|Any CPU
		{B21FC2F9-02EC-4013-BBDD-D8DFD0DB0121}.Debug|Any CPU.Build.0 = Debug|Any CPU
		{B21FC2F9-02EC-4013-BBDD-D8DFD0DB0121}.Release|Any CPU.ActiveCfg = Release|Any CPU
		{B21FC2F9-02EC-4013-BBDD-D8DFD0DB0121}.Release|Any CPU.Build.0 = Release|Any CPU
		{8141EFC7-BD42-4EE3-AAAF-CD8051C4A609}.Debug|Any CPU.ActiveCfg = Debug|Any CPU
		{8141EFC7-BD42-4EE3-AAAF-CD8051C4A609}.Debug|Any CPU.Build.0 = Debug|Any CPU
		{8141EFC7-BD42-4EE3-AAAF-CD8051C4A609}.Release|Any CPU.ActiveCfg = Release|Any CPU
		{8141EFC7-BD42-4EE3-AAAF-CD8051C4A609}.Release|Any CPU.Build.0 = Release|Any CPU
		{906BED23-FAF1-4A39-AB04-6AB1D7126C22}.Debug|Any CPU.ActiveCfg = Debug|Any CPU
		{906BED23-FAF1-4A39-AB04-6AB1D7126C22}.Debug|Any CPU.Build.0 = Debug|Any CPU
		{906BED23-FAF1-4A39-AB04-6AB1D7126C22}.Release|Any CPU.ActiveCfg = Release|Any CPU
		{906BED23-FAF1-4A39-AB04-6AB1D7126C22}.Release|Any CPU.Build.0 = Release|Any CPU
		{CF672834-F797-4130-8C1F-90419B3C5E0A}.Debug|Any CPU.ActiveCfg = Debug|Any CPU
		{CF672834-F797-4130-8C1F-90419B3C5E0A}.Debug|Any CPU.Build.0 = Debug|Any CPU
		{CF672834-F797-4130-8C1F-90419B3C5E0A}.Release|Any CPU.ActiveCfg = Release|Any CPU
		{CF672834-F797-4130-8C1F-90419B3C5E0A}.Release|Any CPU.Build.0 = Release|Any CPU
		{091F3738-12D7-40BC-8835-4CAF1061B561}.Debug|Any CPU.ActiveCfg = Debug|Any CPU
		{091F3738-12D7-40BC-8835-4CAF1061B561}.Debug|Any CPU.Build.0 = Debug|Any CPU
		{091F3738-12D7-40BC-8835-4CAF1061B561}.Release|Any CPU.ActiveCfg = Release|Any CPU
		{091F3738-12D7-40BC-8835-4CAF1061B561}.Release|Any CPU.Build.0 = Release|Any CPU
		{9032658E-2EEC-4202-8605-A10355656BEE}.Debug|Any CPU.ActiveCfg = Debug|Any CPU
		{9032658E-2EEC-4202-8605-A10355656BEE}.Debug|Any CPU.Build.0 = Debug|Any CPU
		{9032658E-2EEC-4202-8605-A10355656BEE}.Release|Any CPU.ActiveCfg = Release|Any CPU
		{9032658E-2EEC-4202-8605-A10355656BEE}.Release|Any CPU.Build.0 = Release|Any CPU
		{19171A02-C150-4381-8D8A-F93593F8DD9A}.Debug|Any CPU.ActiveCfg = Debug|Any CPU
		{19171A02-C150-4381-8D8A-F93593F8DD9A}.Debug|Any CPU.Build.0 = Debug|Any CPU
		{19171A02-C150-4381-8D8A-F93593F8DD9A}.Release|Any CPU.ActiveCfg = Release|Any CPU
		{19171A02-C150-4381-8D8A-F93593F8DD9A}.Release|Any CPU.Build.0 = Release|Any CPU
	EndGlobalSection
	GlobalSection(SolutionProperties) = preSolution
		HideSolutionNode = FALSE
	EndGlobalSection
	GlobalSection(NestedProjects) = preSolution
		{691DA758-AB40-4429-8E29-F50E5513CA03} = {45D608DF-A75F-4244-82BD-D5D8730BB7D2}
		{B21FC2F9-02EC-4013-BBDD-D8DFD0DB0121} = {45D608DF-A75F-4244-82BD-D5D8730BB7D2}
		{8141EFC7-BD42-4EE3-AAAF-CD8051C4A609} = {45D608DF-A75F-4244-82BD-D5D8730BB7D2}
		{906BED23-FAF1-4A39-AB04-6AB1D7126C22} = {45D608DF-A75F-4244-82BD-D5D8730BB7D2}
		{091F3738-12D7-40BC-8835-4CAF1061B561} = {96E65FD1-AD0E-47A8-AACE-58C5F93C24A6}
		{9032658E-2EEC-4202-8605-A10355656BEE} = {96E65FD1-AD0E-47A8-AACE-58C5F93C24A6}
		{19171A02-C150-4381-8D8A-F93593F8DD9A} = {96E65FD1-AD0E-47A8-AACE-58C5F93C24A6}
	EndGlobalSection
	GlobalSection(ExtensibilityGlobals) = postSolution
		SolutionGuid = {DFA41366-A231-4839-9743-0B7D248E6ECB}
	EndGlobalSection
EndGlobal
